
Microsoft Visual Studio Solution File, Format Version 12.00
# Visual Studio Version 16
VisualStudioVersion = 16.0.31911.196
MinimumVisualStudioVersion = 10.0.40219.1
Project("{FAE04EC0-301F-11D3-BF4B-00C04F79EFBC}") = "Bosca_Dana_Lab5", "Bosca_Dana_Lab5.csproj", "{95EA371C-6958-4182-8BB1-F21B98207D62}"
EndProject
Project("{FAE04EC0-301F-11D3-BF4B-00C04F79EFBC}") = "AutoLotModel", "..\AutoLotModel\AutoLotModel.csproj", "{C6246C65-F373-4A88-9800-941D1D28D11E}"
EndProject
Global
	GlobalSection(SolutionConfigurationPlatforms) = preSolution
		Debug|Any CPU = Debug|Any CPU
		Release|Any CPU = Release|Any CPU
	EndGlobalSection
	GlobalSection(ProjectConfigurationPlatforms) = postSolution
		{95EA371C-6958-4182-8BB1-F21B98207D62}.Debug|Any CPU.ActiveCfg = Debug|Any CPU
		{95EA371C-6958-4182-8BB1-F21B98207D62}.Debug|Any CPU.Build.0 = Debug|Any CPU
		{95EA371C-6958-4182-8BB1-F21B98207D62}.Release|Any CPU.ActiveCfg = Release|Any CPU
		{95EA371C-6958-4182-8BB1-F21B98207D62}.Release|Any CPU.Build.0 = Release|Any CPU
		{C6246C65-F373-4A88-9800-941D1D28D11E}.Debug|Any CPU.ActiveCfg = Debug|Any CPU
		{C6246C65-F373-4A88-9800-941D1D28D11E}.Debug|Any CPU.Build.0 = Debug|Any CPU
		{C6246C65-F373-4A88-9800-941D1D28D11E}.Release|Any CPU.ActiveCfg = Release|Any CPU
		{C6246C65-F373-4A88-9800-941D1D28D11E}.Release|Any CPU.Build.0 = Release|Any CPU
	EndGlobalSection
	GlobalSection(SolutionProperties) = preSolution
		HideSolutionNode = FALSE
	EndGlobalSection
	GlobalSection(ExtensibilityGlobals) = postSolution
		SolutionGuid = {DCD01E46-B42C-4B31-B88B-19EBB01AB061}
	EndGlobalSection
EndGlobal
